
Microsoft Visual Studio Solution File, Format Version 12.00
# Visual Studio Version 16
VisualStudioVersion = 16.0.30523.141
MinimumVisualStudioVersion = 10.0.40219.1
Project("{9A19103F-16F7-4668-BE54-9A1E7A4F7556}") = "CitySearch", "CitySearch\CitySearch.csproj", "{B474BA42-4D14-42C0-B9DA-A3655BA9B953}"
EndProject
Project("{FAE04EC0-301F-11D3-BF4B-00C04F79EFBC}") = "CitySearchTest", "CitySearchTest\CitySearchTest.csproj", "{AFBE6F42-9DE0-40CF-88D3-B6DF0870BF3A}"
EndProject
Global
	GlobalSection(SolutionConfigurationPlatforms) = preSolution
		Debug|Any CPU = Debug|Any CPU
		Release|Any CPU = Release|Any CPU
	EndGlobalSection
	GlobalSection(ProjectConfigurationPlatforms) = postSolution
		{B474BA42-4D14-42C0-B9DA-A3655BA9B953}.Debug|Any CPU.ActiveCfg = Debug|Any CPU
		{B474BA42-4D14-42C0-B9DA-A3655BA9B953}.Debug|Any CPU.Build.0 = Debug|Any CPU
		{B474BA42-4D14-42C0-B9DA-A3655BA9B953}.Release|Any CPU.ActiveCfg = Release|Any CPU
		{B474BA42-4D14-42C0-B9DA-A3655BA9B953}.Release|Any CPU.Build.0 = Release|Any CPU
		{AFBE6F42-9DE0-40CF-88D3-B6DF0870BF3A}.Debug|Any CPU.ActiveCfg = Debug|Any CPU
		{AFBE6F42-9DE0-40CF-88D3-B6DF0870BF3A}.Debug|Any CPU.Build.0 = Debug|Any CPU
		{AFBE6F42-9DE0-40CF-88D3-B6DF0870BF3A}.Release|Any CPU.ActiveCfg = Release|Any CPU
		{AFBE6F42-9DE0-40CF-88D3-B6DF0870BF3A}.Release|Any CPU.Build.0 = Release|Any CPU
	EndGlobalSection
	GlobalSection(SolutionProperties) = preSolution
		HideSolutionNode = FALSE
	EndGlobalSection
	GlobalSection(ExtensibilityGlobals) = postSolution
		SolutionGuid = {E72BCB3D-D478-46EB-94A6-BD0F9D08F833}
	EndGlobalSection
EndGlobal
